
Microsoft Visual Studio Solution File, Format Version 12.00
# Visual Studio Version 17
VisualStudioVersion = 17.11.35222.181
MinimumVisualStudioVersion = 10.0.40219.1
Project("{FAE04EC0-301F-11D3-BF4B-00C04F79EFBC}") = "RolePermissionDemo", "RolePermissionDemo\RolePermissionDemo.csproj", "{50AD7AD4-FFFD-47DB-865D-6CBF4F9FCD86}"
EndProject
Global
	GlobalSection(SolutionConfigurationPlatforms) = preSolution
		Debug|Any CPU = Debug|Any CPU
		Release|Any CPU = Release|Any CPU
	EndGlobalSection
	GlobalSection(ProjectConfigurationPlatforms) = postSolution
		{50AD7AD4-FFFD-47DB-865D-6CBF4F9FCD86}.Debug|Any CPU.ActiveCfg = Debug|Any CPU
		{50AD7AD4-FFFD-47DB-865D-6CBF4F9FCD86}.Debug|Any CPU.Build.0 = Debug|Any CPU
		{50AD7AD4-FFFD-47DB-865D-6CBF4F9FCD86}.Release|Any CPU.ActiveCfg = Release|Any CPU
		{50AD7AD4-FFFD-47DB-865D-6CBF4F9FCD86}.Release|Any CPU.Build.0 = Release|Any CPU
	EndGlobalSection
	GlobalSection(SolutionProperties) = preSolution
		HideSolutionNode = FALSE
	EndGlobalSection
	GlobalSection(ExtensibilityGlobals) = postSolution
		SolutionGuid = {A2CAE8DA-8B5D-4273-99B2-CCD8B9813DA0}
	EndGlobalSection
EndGlobal
